
Microsoft Visual Studio Solution File, Format Version 12.00
# Visual Studio Version 16
VisualStudioVersion = 16.0.31829.152
MinimumVisualStudioVersion = 10.0.40219.1
Project("{9A19103F-16F7-4668-BE54-9A1E7A4F7556}") = "Blazor_Crud_Sqlserver", "Blazor_Crud_Sqlserver\Blazor_Crud_Sqlserver.csproj", "{26854E2E-91E5-455F-8752-33D35D227B98}"
EndProject
Global
	GlobalSection(SolutionConfigurationPlatforms) = preSolution
		Debug|Any CPU = Debug|Any CPU
		Release|Any CPU = Release|Any CPU
	EndGlobalSection
	GlobalSection(ProjectConfigurationPlatforms) = postSolution
		{26854E2E-91E5-455F-8752-33D35D227B98}.Debug|Any CPU.ActiveCfg = Debug|Any CPU
		{26854E2E-91E5-455F-8752-33D35D227B98}.Debug|Any CPU.Build.0 = Debug|Any CPU
		{26854E2E-91E5-455F-8752-33D35D227B98}.Release|Any CPU.ActiveCfg = Release|Any CPU
		{26854E2E-91E5-455F-8752-33D35D227B98}.Release|Any CPU.Build.0 = Release|Any CPU
	EndGlobalSection
	GlobalSection(SolutionProperties) = preSolution
		HideSolutionNode = FALSE
	EndGlobalSection
	GlobalSection(ExtensibilityGlobals) = postSolution
		SolutionGuid = {20BCB269-DF4E-4AC6-BC0D-BDEB54FBB96A}
	EndGlobalSection
EndGlobal
